PODS:
  - DigitalPaymentsSDK (1.0.4)

DEPENDENCIES:
  - DigitalPaymentsSDK (from `https://github.com/oneincgithub/DigitalPayments.SDK-for-iOS.git`, tag `1.0.4`)

EXTERNAL SOURCES:
  DigitalPaymentsSDK:
    :git: https://github.com/oneincgithub/DigitalPayments.SDK-for-iOS.git
    :tag: 1.0.4

CHECKOUT OPTIONS:
  DigitalPaymentsSDK:
    :git: https://github.com/oneincgithub/DigitalPayments.SDK-for-iOS.git
    :tag: 1.0.4

SPEC CHECKSUMS:
  DigitalPaymentsSDK: a70987bf93f5fe0c03bcde044021e17bb86083b6

PODFILE CHECKSUM: 1accb35e011a4d0b3769206acfbb8c3e9a17261d

COCOAPODS: 1.5.3
