PODS:
  - DigitalPayments.PaymentForm.SDK (2.0.0)

DEPENDENCIES:
  - DigitalPayments.PaymentForm.SDK (from `https://github.com/oneincgithub/DigitalPayments.SDK-for-iOS.git`, tag `2.0.0`)

EXTERNAL SOURCES:
  DigitalPayments.PaymentForm.SDK:
    :git: https://github.com/oneincgithub/DigitalPayments.SDK-for-iOS.git
    :tag: 2.0.0

CHECKOUT OPTIONS:
  DigitalPayments.PaymentForm.SDK:
    :git: https://github.com/oneincgithub/DigitalPayments.SDK-for-iOS.git
    :tag: 2.0.0

SPEC CHECKSUMS:
  DigitalPayments.PaymentForm.SDK: eff855713cc0686eb4f89453b9d49a715c1b2c43

PODFILE CHECKSUM: c41ce34c42cf5653f252cb017788b20a28c48373

COCOAPODS: 1.6.1
